
Microsoft Visual Studio Solution File, Format Version 12.00
# Visual Studio Version 17
VisualStudioVersion = 17.5.002.0
MinimumVisualStudioVersion = 10.0.40219.1
Project("{9A19103F-16F7-4668-BE54-9A1E7A4F7556}") = "LHPet", "LHPet.csproj", "{AD13CD31-BF38-48BB-8E85-360870737080}"
EndProject
Global
	GlobalSection(SolutionConfigurationPlatforms) = preSolution
		Debug|Any CPU = Debug|Any CPU
		Release|Any CPU = Release|Any CPU
	EndGlobalSection
	GlobalSection(ProjectConfigurationPlatforms) = postSolution
		{AD13CD31-BF38-48BB-8E85-360870737080}.Debug|Any CPU.ActiveCfg = Debug|Any CPU
		{AD13CD31-BF38-48BB-8E85-360870737080}.Debug|Any CPU.Build.0 = Debug|Any CPU
		{AD13CD31-BF38-48BB-8E85-360870737080}.Release|Any CPU.ActiveCfg = Release|Any CPU
		{AD13CD31-BF38-48BB-8E85-360870737080}.Release|Any CPU.Build.0 = Release|Any CPU
	EndGlobalSection
	GlobalSection(SolutionProperties) = preSolution
		HideSolutionNode = FALSE
	EndGlobalSection
	GlobalSection(ExtensibilityGlobals) = postSolution
		SolutionGuid = {52AD61CD-371A-46D1-B10A-2A9E649B3A35}
	EndGlobalSection
EndGlobal
